{
    "version": 3,
    "terraform_version": "0.11.7",
    "serial": 3,
    "lineage": "2675c7c1-f62b-c43d-6e19-0abdc40984bc",
    "modules": [
        {
            "path": [
                "root"
            ],
            "outputs": {},
            "resources": {
                "google_container_cluster.workshop-cluster": {
                    "type": "google_container_cluster",
                    "depends_on": [],
                    "primary": {
                        "id": "workshop-cluster",
                        "attributes": {
                            "additional_zones.#": "1",
                            "additional_zones.3304925305": "europe-west1-d",
                            "addons_config.#": "1",
                            "addons_config.0.horizontal_pod_autoscaling.#": "0",
                            "addons_config.0.http_load_balancing.#": "0",
                            "addons_config.0.kubernetes_dashboard.#": "0",
                            "addons_config.0.network_policy_config.#": "1",
                            "addons_config.0.network_policy_config.0.disabled": "true",
                            "cluster_ipv4_cidr": "10.16.0.0/14",
                            "description": "",
                            "enable_kubernetes_alpha": "false",
                            "enable_legacy_abac": "false",
                            "endpoint": "35.205.76.178",
                            "id": "workshop-cluster",
                            "initial_node_count": "1",
                            "instance_group_urls.#": "2",
                            "instance_group_urls.0": "https://www.googleapis.com/compute/v1/projects/k8s-worshop/zones/europe-west1-c/instanceGroups/gke-workshop-cluster-default-pool-69f9d7e4-grp",
                            "instance_group_urls.1": "https://www.googleapis.com/compute/v1/projects/k8s-worshop/zones/europe-west1-d/instanceGroups/gke-workshop-cluster-default-pool-092eaf2a-grp",
                            "logging_service": "logging.googleapis.com",
                            "master_auth.#": "1",
                            "master_auth.0.client_certificate": "LS0tLS1CRUdJTiBDRVJUSUZJQ0FURS0tLS0tCk1JSUMyekNDQWNPZ0F3SUJBZ0lSQU5jNldqNGpORXZjNGF4bmR0WkRxZFF3RFFZSktvWklodmNOQVFFTEJRQXcKTHpFdE1Dc0dBMVVFQXhNa1pqRTFNR0ZoTUdVdE1UTmpOeTAwTUdaaExXRTFabUl0TURJeU9EVTBaR05sTkRsaQpNQjRYRFRFNE1EUXlOakUzTlRNd05Gb1hEVEl6TURReU5URTNOVE13TkZvd0VURVBNQTBHQTFVRUF4TUdZMnhwClpXNTBNSUlCSWpBTkJna3Foa2lHOXcwQkFRRUZBQU9DQVE4QU1JSUJDZ0tDQVFFQXFkNjdDQ1Q5Ylc3V0FHSTgKY2dzWEYxS2tmaGhyNyt2TkZvcGpaRGVVSThqazR4YjVrVVVHckZVczlhbU1TdDdWZjVYdys2ZGYyTytwNzUyMwpUWmoxOFJoYmxXZm1PVWhiTFNLdFIwaXV0V2VzMVpJL0RFbjhnNHlGOWhZSTRaUklBbzZwTVc0SlJWbmdoWkUzCmpyYS80TTZoZk8rSkFQSmVtSkdyUHR4emdDb214SEtPa2xmR1JXVVEyUzJLcmxiT2NxV2crUHQyMkt5TC9CVzkKMWtDQ205d0NYeklialNRTFpsUjhTNlR0WkVQNkV4WDExeFo2QVI0TTJWMGdUZFdTa2hkQU5Od1lOMTdnbXYvagp1NTNiRFVFdkNheGZKWlF3WHR2T1k0bWVPdTJtQW10SkpNVHJtdjkzeWsyZ3orNVJxaGpJQzZDSTV3Q1FIWVRXCi9XT0xqd0lEQVFBQm94QXdEakFNQmdOVkhSTUJBZjhFQWpBQU1BMEdDU3FHU0liM0RRRUJDd1VBQTRJQkFRQTMKcXhITEwyWFM1ZmcrR05aa1F2bUdNb2hsN1RMbkoySEovQ3lsWTBoZ2JvaXUvRkpLdWFITEI5MytXWTc0SDVGcwpSR01OaXg5S0l3RU5BeXZxNVJPd2NKNTFkdGMvUDF5b0dnaFZmMmFKdVhXTTl2R2ltU1NNZFFyYlpRRFYvaDIzCm9UY3NES2JVdmZQb3M5WjNJT3RIUnFZcklWRmFGeEpuOHMwZmlZSHQ3TGllZ3NnTjRmTTFJY21SQmpxakwxdy8KR0srcXQ2L0NrMUNWVFRsbFZKSndRWG83eXkyb3dHS0hSNjE3bXVHVFoxT09Rend1SEpZcVVHNjQwM0MxNjRwKwo2SWJGWlBZZm1KdzJCK0R3VTk0a1I5aEdTMmtVVVF5ajZSMm9sYUU5Vm5VblpManRWbnRjcE1aVllHYzlYZU5vCkpKQ1BpMzI4RnYxak01RXY4YkEwCi0tLS0tRU5EIENFUlRJRklDQVRFLS0tLS0K",
                            "master_auth.0.client_key": "LS0tLS1CRUdJTiBSU0EgUFJJVkFURSBLRVktLS0tLQpNSUlFcFFJQkFBS0NBUUVBcWQ2N0NDVDliVzdXQUdJOGNnc1hGMUtrZmhocjcrdk5Gb3BqWkRlVUk4ams0eGI1CmtVVUdyRlVzOWFtTVN0N1ZmNVh3KzZkZjJPK3A3NTIzVFpqMThSaGJsV2ZtT1VoYkxTS3RSMGl1dFdlczFaSS8KREVuOGc0eUY5aFlJNFpSSUFvNnBNVzRKUlZuZ2haRTNqcmEvNE02aGZPK0pBUEplbUpHclB0eHpnQ29teEhLTwprbGZHUldVUTJTMktybGJPY3FXZytQdDIyS3lML0JXOTFrQ0NtOXdDWHpJYmpTUUxabFI4UzZUdFpFUDZFeFgxCjF4WjZBUjRNMlYwZ1RkV1NraGRBTk53WU4xN2dtdi9qdTUzYkRVRXZDYXhmSlpRd1h0dk9ZNG1lT3UybUFtdEoKSk1Ucm12OTN5azJneis1UnFoaklDNkNJNXdDUUhZVFcvV09MandJREFRQUJBb0lCQUVGdjJhQ3pqeVMrMDVWbQpRbDYwUXZyckRRNitIYVpZc2JLRE1QS0VMbjd5ZnFtMFNnTmFFYzRGS2NLZ3c3aDd5c2JSWGZtemFrckpXQzlFCkZEN0NNOHZpVkRWanh0NCtMMUZkMEY1cmMxSFNWRlFaZUV3bG5DNll6V29VNXVydkVpWmFDbmRPS2lnYkRWQ20KdGo0MXpBaXYwS211SkpyR3d3WUc1Mjdad1d5WEwzMkFjMThXdWVZa1k1TEtXblhqcjNJeHI5Q0ZqcVd6NWJVeQpIaUxRcnlzODNkTUJWUkVhUzFlV3hEVVV6dktnSXBpQlYva0ZNUnhQa3k4Zk9lRElqaTF0ZzhwbnZDaHBsQk9WCkxjSm1DWk54SXg2QWJsSk13ZThJQVV0RjdBQnhYWHA4L1Q0dmZocFFvemJrcCtjakhHbGcwTFNpazd2NVFwcXgKTVBiUFFXRUNnWUVBMkdlblRvYzdtblJDc1R3bUZDZWd1WW1lSUttOENYakp0N013dUMzTW16OFdYcmF4SWM4ZQp0a2pXU3JaVlVkZ1NYM3BqR3FONHh1WGVyK21uazBBYkdIeUNzNlpWM1V3M016aWZhTjVUaVdaT29ncXY4TnZpCjdoOFJCRGxqeUN2WWtndFJpSk1lWXdncHhQM0ZEL2hCSjFpRmNqVHVJNXI4MWFvajZCRXZwTGtDZ1lFQXlQTmwKcUJZejFCTXZTNFlYdkVuWklnMmZ2eE5PSG1QR1BXTWVkb3k5eVJyUjFseFJtWWNHMlZoSTYwWEN3bmkycS9obgpGV3hPN2RmNGFDb25PNlhZL1R6eW5oN1RFU2plL0xyWkEyV0pUMjB6cW1MVXkyTlE0ajVrdHdiNEhITFpKbXdECk9TOWlZMmJITStPRE5DU0hiWkJLWFkwQlNHbDQwbHlnUmNpbUhvY0NnWUVBdWJnYlNiV2RYV3l4WDlHekRGRUcKQ3JVa1UvdlhPSG5GQkRad2RXQTQzSE5FQzN6V2Y2RjFSaE0wZFdJTnp2T1VzUVFqMFZUQjdsQ1EwSC9DSlFrNwpOOFNEbHhJRlZxcDJKU3RQQTN6cVRGelUxeFE4OG9TRE9NRElwY3RxNnZ0V0hlQkExT2tOaHdnV2NNMHBOZzlrCk94UXBVbDVDa2FRTm9JRW4xNTRJT1dFQ2dZRUFsSkIrSTVybWptL3drMkY3d3RUR0Z3c0RnM3grVUxGcktvOVIKUWt3ak03OEVTL3JNeVRpdXM1azFyOXRQZGY5UTdpc2o2dzY3KzlPajd6N2E2cHBlcGpxZEZKR3RjZzVKYlllbQpVWUNMMTVEZ2xhT2p0d3FpRGVJYkM4VzNRVEVYb2ZSUkhjSU9kM2JRNTJmWTVIL3RMKzl4UzJDb0JpVVVFbEl3Cm0rY1FDWmtDZ1lFQW16Yi9DV1ZLMFNRSFplVG1HbjdSZUQ4N291aVNLMDR5STVhRnJYeGVRVUlodURISDdldVUKSDQ4cDB0R28zc0Vsd1d4cytmTEc5Q3IvVDNZa1BpTyszQ2JaYVRuZFlYbVA3RU9saEMzcmQ2NXo1KzV4ckgrRApyRUdLZnVNZ3lQV3JYYlM5UXZ1NHdBQ1ZsaUhycTRrQUwzektUVy9XVUdPaUtpVW16SFdLcGpNPQotLS0tLUVORCBSU0EgUFJJVkFURSBLRVktLS0tLQo=",
                            "master_auth.0.cluster_ca_certificate": "LS0tLS1CRUdJTiBDRVJUSUZJQ0FURS0tLS0tCk1JSURDekNDQWZPZ0F3SUJBZ0lRUXN6Q3RmOTVEMlQxTHpyaTgxMHg5VEFOQmdrcWhraUc5dzBCQVFzRkFEQXYKTVMwd0t3WURWUVFERXlSbU1UVXdZV0V3WlMweE0yTTNMVFF3Wm1FdFlUVm1ZaTB3TWpJNE5UUmtZMlUwT1dJdwpIaGNOTVRnd05ESTJNVFkxTXpBeldoY05Nak13TkRJMU1UYzFNekF6V2pBdk1TMHdLd1lEVlFRREV5Um1NVFV3CllXRXdaUzB4TTJNM0xUUXdabUV0WVRWbVlpMHdNakk0TlRSa1kyVTBPV0l3Z2dFaU1BMEdDU3FHU0liM0RRRUIKQVFVQUE0SUJEd0F3Z2dFS0FvSUJBUURHcWxsOCtaWVc4V0V1RjRoenU3empKSmhIN3orZ0lXc3lDL28xVUJPNAo5V0wvMjY0YnpqVDczODlUaEF4MXFaMjliRHJzNUJ6SDNGY0N1blBoSmY3TklwSzJmenEzZk9IUVZOdmxYT1VaCm5sRHpIR2hMWHBpYWpCTDJkaTVwY3RYbnhDUDBJbDM3S1l3bll3cGdqTjdJK1RIQ0pwMVVwS0h5NS9KZkV0QmUKaysyRHFkMloxcFlrK0pld1pLSkx2REs4SnF0YXNBNy9KaTBPaWRsNmNuUFprMjAxOGhyOVVBbGVWc1JkNlA2WAp0RzlZTEdZaGJhTnY2dDZjenp5cC8rVUI4OXc3QkkrUlpDcjZzTlFLVHZEUnJuN0Y5V0xqY3dxWUpOMmY1U2gxCkxzaHNKdGdMQWRPaUtRR01qaGNrcjBYM1JBd0J3MmR2UnRYL3dFRGNjTG8xQWdNQkFBR2pJekFoTUE0R0ExVWQKRHdFQi93UUVBd0lDQkRBUEJnTlZIUk1CQWY4RUJUQURBUUgvTUEwR0NTcUdTSWIzRFFFQkN3VUFBNElCQVFBSQpYQVRHTEMzSy8vOXd2SU1XMFltTklia0J0RXdLS3hrVVNuZktOY2YvclRreTdDeE90L1ZoVUVZUFhXR2QyalhhCit2cHJkT2krQnIySkVVcFlJcnYzUHlGM0EvbklCQ2ZEVmlaQjJONkpnTWFSZjZBUUNabWpZQ3doL0F6SEtaRjcKbUI4Zlh6amkyREFlbDRIenNsRUhTVUdkektKNEJzYmRuMVRCQmtCU0huMUhRVFZ3TjhTQTRVUml5RklibitHYgppcTc4U2FDcEc1aExpR2RTcmUwZHBVWUkvSXNaS1phelJhS0Q1SHVFVVFGSjlxY21zS21oTEF2ejZRbTBSVXloCkdBRXc0aXZLWWMxUlZZamMxb3JkazJDMTBwN1g5SkRDSU14NTRyY1hLU284WVFiV0ZIT0trUnBJRnA2RjVhTysKUjVDOUhUMWIvSFlWMXVhSUJRL2gKLS0tLS1FTkQgQ0VSVElGSUNBVEUtLS0tLQo=",
                            "master_auth.0.password": "{var.cluster_password}",
                            "master_auth.0.username": "admin",
                            "master_ipv4_cidr_block": "",
                            "master_version": "1.8.8-gke.0",
                            "monitoring_service": "monitoring.googleapis.com",
                            "name": "workshop-cluster",
                            "network": "default",
                            "network_policy.#": "0",
                            "node_config.#": "1",
                            "node_config.0.disk_size_gb": "100",
                            "node_config.0.guest_accelerator.#": "0",
                            "node_config.0.image_type": "COS",
                            "node_config.0.labels.%": "0",
                            "node_config.0.local_ssd_count": "0",
                            "node_config.0.machine_type": "n1-standard-2",
                            "node_config.0.metadata.%": "0",
                            "node_config.0.min_cpu_platform": "",
                            "node_config.0.oauth_scopes.#": "4",
                            "node_config.0.oauth_scopes.1277378754": "https://www.googleapis.com/auth/monitoring",
                            "node_config.0.oauth_scopes.1328717722": "https://www.googleapis.com/auth/devstorage.read_write",
                            "node_config.0.oauth_scopes.172152165": "https://www.googleapis.com/auth/logging.write",
                            "node_config.0.oauth_scopes.299962681": "https://www.googleapis.com/auth/compute",
                            "node_config.0.preemptible": "false",
                            "node_config.0.service_account": "default",
                            "node_config.0.tags.#": "0",
                            "node_config.0.taint.#": "0",
                            "node_config.0.workload_metadata_config.#": "0",
                            "node_pool.#": "1",
                            "node_pool.0.autoscaling.#": "0",
                            "node_pool.0.initial_node_count": "1",
                            "node_pool.0.instance_group_urls.#": "2",
                            "node_pool.0.instance_group_urls.0": "https://www.googleapis.com/compute/v1/projects/k8s-worshop/zones/europe-west1-c/instanceGroupManagers/gke-workshop-cluster-default-pool-69f9d7e4-grp",
                            "node_pool.0.instance_group_urls.1": "https://www.googleapis.com/compute/v1/projects/k8s-worshop/zones/europe-west1-d/instanceGroupManagers/gke-workshop-cluster-default-pool-092eaf2a-grp",
                            "node_pool.0.management.#": "1",
                            "node_pool.0.management.0.auto_repair": "false",
                            "node_pool.0.management.0.auto_upgrade": "false",
                            "node_pool.0.name": "default-pool",
                            "node_pool.0.name_prefix": "",
                            "node_pool.0.node_config.#": "1",
                            "node_pool.0.node_config.0.disk_size_gb": "100",
                            "node_pool.0.node_config.0.guest_accelerator.#": "0",
                            "node_pool.0.node_config.0.image_type": "COS",
                            "node_pool.0.node_config.0.labels.%": "0",
                            "node_pool.0.node_config.0.local_ssd_count": "0",
                            "node_pool.0.node_config.0.machine_type": "n1-standard-2",
                            "node_pool.0.node_config.0.metadata.%": "0",
                            "node_pool.0.node_config.0.min_cpu_platform": "",
                            "node_pool.0.node_config.0.oauth_scopes.#": "4",
                            "node_pool.0.node_config.0.oauth_scopes.1277378754": "https://www.googleapis.com/auth/monitoring",
                            "node_pool.0.node_config.0.oauth_scopes.1328717722": "https://www.googleapis.com/auth/devstorage.read_write",
                            "node_pool.0.node_config.0.oauth_scopes.172152165": "https://www.googleapis.com/auth/logging.write",
                            "node_pool.0.node_config.0.oauth_scopes.299962681": "https://www.googleapis.com/auth/compute",
                            "node_pool.0.node_config.0.preemptible": "false",
                            "node_pool.0.node_config.0.service_account": "default",
                            "node_pool.0.node_config.0.tags.#": "0",
                            "node_pool.0.node_config.0.taint.#": "0",
                            "node_pool.0.node_config.0.workload_metadata_config.#": "0",
                            "node_pool.0.node_count": "1",
                            "node_pool.0.version": "1.8.8-gke.0",
                            "node_version": "1.8.8-gke.0",
                            "private_cluster": "false",
                            "project": "k8s-worshop",
                            "subnetwork": "default",
                            "zone": "europe-west1-c"
                        },
                        "meta": {
                            "e2bfb730-ecaa-11e6-8f88-34363bc7c4c0": {
                                "create": 1800000000000,
                                "delete": 600000000000,
                                "update": 600000000000
                            },
                            "schema_version": "1"
                        },
                        "tainted": false
                    },
                    "deposed": [],
                    "provider": "provider.google"
                }
            },
            "depends_on": []
        }
    ]
}
