{
    "version": 3,
    "terraform_version": "0.11.7",
    "serial": 3,
    "lineage": "2675c7c1-f62b-c43d-6e19-0abdc40984bc",
    "modules": [
        {
            "path": [
                "root"
            ],
            "outputs": {},
            "resources": {
                "google_container_cluster.workshop-cluster": {
                    "type": "google_container_cluster",
                    "depends_on": [],
                    "primary": {
                        "id": "workshop-cluster",
                        "attributes": {
                            "additional_zones.#": "1",
                            "additional_zones.3304925305": "europe-west1-d",
                            "addons_config.#": "1",
                            "addons_config.0.horizontal_pod_autoscaling.#": "0",
                            "addons_config.0.http_load_balancing.#": "0",
                            "addons_config.0.kubernetes_dashboard.#": "0",
                            "addons_config.0.network_policy_config.#": "1",
                            "addons_config.0.network_policy_config.0.disabled": "true",
                            "cluster_ipv4_cidr": "10.16.0.0/14",
                            "description": "",
                            "enable_kubernetes_alpha": "false",
                            "enable_legacy_abac": "false",
                            "endpoint": "35.195.177.133",
                            "id": "workshop-cluster",
                            "initial_node_count": "1",
                            "instance_group_urls.#": "2",
                            "instance_group_urls.0": "https://www.googleapis.com/compute/v1/projects/k8s-worshop/zones/europe-west1-c/instanceGroups/gke-workshop-cluster-default-pool-9c5f9e36-grp",
                            "instance_group_urls.1": "https://www.googleapis.com/compute/v1/projects/k8s-worshop/zones/europe-west1-d/instanceGroups/gke-workshop-cluster-default-pool-90063445-grp",
                            "logging_service": "logging.googleapis.com",
                            "master_auth.#": "1",
                            "master_auth.0.client_certificate": "LS0tLS1CRUdJTiBDRVJUSUZJQ0FURS0tLS0tCk1JSUMyakNDQWNLZ0F3SUJBZ0lRZGVDUStLTGVNMStrUmRsYzlqdUprakFOQmdrcWhraUc5dzBCQVFzRkFEQXYKTVMwd0t3WURWUVFERXlReE9UWTJaalJrWVMwelptWmpMVFF4WWpVdE9XWmlPQzA1T0dZNFpXUXhOMlZoTW1VdwpIaGNOTVRnd05ESTNNREEwTVRFd1doY05Nak13TkRJMk1EQTBNVEV3V2pBUk1ROHdEUVlEVlFRREV3WmpiR2xsCmJuUXdnZ0VpTUEwR0NTcUdTSWIzRFFFQkFRVUFBNElCRHdBd2dnRUtBb0lCQVFES21iR3NNNnllZG5UQ0FvdE8KbUZieWo4amdyMFV2TC8zc2xhOFhmT0tHY2VSRCt1SEFGVnAza0hGLzBXdU56L1Brd0VPbFdqazAzUzZreURzQQpUaHV1ZzVNSHdIQkVxU2x3azJxRlYwMlROeHVPYlJUY2lxRjRiT0VpZ0xKSk5iMnZ0Yk1JR2lEbWJTeFZTdTArCnRHZnRSYVpJN0FUTDZDU0RsVE1jaUdFSzhUdDFLSTc5dURVN2NPb3NqZ2UvenRvYnZpSFZYZjE1Q2FLV21JRGkKTFlpWHppeDFQMzVyK0oxUThTWkVhTFBNTVpDYTBjakpmVE5LZ2Q3U3dybjR3TWZYdHc2ZXg3ajRMV011eDN2MQp3Qlh2R3pZTFdvRDVIdG9pTTFYVk0rbnRObE9sQWdYTk5pOWgyN0FCR0lkWkR0NFJzZEdONjJGQUVLSXRHWXVsCjFZZnhBZ01CQUFHakVEQU9NQXdHQTFVZEV3RUIvd1FDTUFBd0RRWUpLb1pJaHZjTkFRRUxCUUFEZ2dFQkFLbEIKd1VlQUdreGczUEhUSzFLMGlxMXczd0YwQlpOdktVU2djNEE1cUppNStvUkovNnN6V3B6UkZVOXM1eHRvYVhSagpVRncwTW9MOEVYUlFjY2VoOVFCSmllcUJZWVp1bVpUWW9ENGdadWhhcXRyL09iNVgwQ0FsVmhRSFMyNXAzMzhOCjJ4QnU0U1FpSnZLM0RGMTUyL2k3M3BOUXRxTTJHTmhSSC9CUEhyT3ZUMWNGZS84RHhSQWRwcW5adEQ5M0JKc0UKMDdvaEVQRTlJU2NOOGdWeU0vV2dwbXlVWU0rRUxwRTYrK3YxVUwyZ0djQUtXYnZGR0hDZzd5RzhZSmFvZHRlRgpPb0lrQW5kY0tPaXowcndjdERCdzFkRllUOENQdHVTb01BbERiWnp6SmNBaThTSGZjYmFDclBVYm5nSmRoRHc5CjlTOURNQi85cDhJWHZFVHVDbEU9Ci0tLS0tRU5EIENFUlRJRklDQVRFLS0tLS0K",
                            "master_auth.0.client_key": "LS0tLS1CRUdJTiBSU0EgUFJJVkFURSBLRVktLS0tLQpNSUlFb3dJQkFBS0NBUUVBeXBteHJET3Nublowd2dLTFRwaFc4by9JNEs5Rkx5Lzk3Sld2RjN6aWhuSGtRL3JoCndCVmFkNUJ4ZjlGcmpjL3o1TUJEcFZvNU5OMHVwTWc3QUU0YnJvT1RCOEJ3UktrcGNKTnFoVmROa3pjYmptMFUKM0lxaGVHemhJb0N5U1RXOXI3V3pDQm9nNW0wc1ZVcnRQclJuN1VXbVNPd0V5K2drZzVVekhJaGhDdkU3ZFNpTwovYmcxTzNEcUxJNEh2ODdhRzc0aDFWMzllUW1pbHBpQTRpMklsODRzZFQ5K2EvaWRVUEVtUkdpenpER1FtdEhJCnlYMHpTb0hlMHNLNStNREgxN2NPbnNlNCtDMWpMc2Q3OWNBVjd4czJDMXFBK1I3YUlqTlYxVFBwN1RaVHBRSUYKelRZdllkdXdBUmlIV1E3ZUViSFJqZXRoUUJDaUxSbUxwZFdIOFFJREFRQUJBb0lCQUY0b1U5U09KM2wxNEFtUwptUityMlN6ZCtpUENFVXMrNktvZFhzUnh1KzF6M1B4akNxdjB3SmkwdnFzQ3J4TzNROGhhT3BZTWVtM0JKYjViCmVHQko3TCtNVXJiVmp0ZTZMcEl0VU9Jcmt0Z0tVbm84NCtjalhxdlRIa2FrdlRjZERNMHVpc2dITEtjcXNlSHAKOHB5angzRVVYNVdnYXhKQkQwYy8vZ01TdHRjWU5pcjNqLzM0Vlh6VjdVUm1TTnhlT3dZRXgxNkdLRzEyenhvYgp3emtaeHVsWUZBRG92WFhMSEdSZjRBOWxKVFBJTDlzVVV3ckdPTmQrd0NHY1owbDNZNFQvY1VSU0hDV1JtdVBNCkZ3Y1FzTTdBTkhqcllrejBhVkxkbVhkd01aUTg5ZG5ESWZWVzloL3Jkd2JqM2RyazdtUzZKeGd1QkNOY3lyTXYKTmlmQk9Va0NnWUVBNkFKd0FrcEQ3Vndpc3BGeGZTSThOd2ZVU3FYb3poZENmTEo4WEFJT2ZybXROcVp1WUkregp3NWZaOTFBdkNnY203aW02OHhneWlzcnpsSG5XTmRjTi9LMmk4UnFVWmlXTkV0cG5vQ2QxZysxSkhodEYxbVRNCkl4WENjV2FKSjJBb3cvR095LzRpKzlPR0NoT2x4VVh1QlUydm1kSDJPN0FkMGhaemVGNGhmTE1DZ1lFQTM0ekQKREQ0ZUVRL09zZ2ZYc1p2N3hhZG9CWlpCVFNPTnVGMndqSE9lOGl4Rk1QaU14OTlrREdBL1Rpalk2cGtqak5BNwpnMkdpay9FbEIzVUs1ckNnNGZTZFZWZ3ljZ3FzUjFkYndBSldaOW9za2xiS2pyU2I5RG4wYlpPZVM1RGhrWmd0CkM5aW1KSFFEZExpNWVMNHlpWEVsdlNMR2RteDlBZko5dUZBWXdzc0NnWUF6VWo2MnN2amRxNURkVVVENmZqVTEKc3h5cHVwT0o2eWxBN2phR0g4cFhDL21kNmlqbVlVTlJrK2lhUlhseVRXeTJLREw3alRHNDgvWDN0US9HYnlEZgo4UVRuTW9yN0lYbFlYMG1tNnJPYkVFVXBUTDBoRk1EM1RkdnFPOVZCQ1l0YTlMY3l0cS9FWnVEeW42Lyt1RjVUCmZBREpGT0hVQ0R4QWVjam5LbU5iOHdLQmdRQ1FZOERQdFllQ0NhMjl1K2NMWnU2MSthenNmdUpxeXA0TkNTYXgKY1RTbXd3VmwzZ1JBVFArNEpxcDg5MUUwSmZtYVNCMUlmTldmck0vNEF4Y3BiY2hjYWJ6OWxOdndZUWhwZy9sVgpDYTE1b3FmTFZaZTdtTmhxWk15RndpVXFOY2djWENnc1VLRHZScWU4eWx1eHExZkZBbm9Yc2RCeVNSeHRGNDB3CmNUdXRCUUtCZ0ZjZ2dBUVJ3U3haQ1hnYU52LzhTdHRCSGJpUkt3a0dYNGxuZjJheFh5WXBua3BMMlRYeko2NEYKLzVwTHl6RU9WTnBNTXJUNXdxdVlsampMWjJxM1dLMGxDaDNqZVQrTjVlUnBra25HVnRBY25HYjdPN3ZlTGtQQwpWZWtBYXNEM3lpZUl6b1NSQ1NlVGFaSi9wRWJ4YjJIbjBNYTM2dVlVTnR0RHlkM0dLWGgwCi0tLS0tRU5EIFJTQSBQUklWQVRFIEtFWS0tLS0tCg==",
                            "master_auth.0.cluster_ca_certificate": "LS0tLS1CRUdJTiBDRVJUSUZJQ0FURS0tLS0tCk1JSURDekNDQWZPZ0F3SUJBZ0lRZXBYOWRuelVmcEowVWRhbksvQVRSREFOQmdrcWhraUc5dzBCQVFzRkFEQXYKTVMwd0t3WURWUVFERXlReE9UWTJaalJrWVMwelptWmpMVFF4WWpVdE9XWmlPQzA1T0dZNFpXUXhOMlZoTW1VdwpIaGNOTVRnd05ESTJNak0wTVRFd1doY05Nak13TkRJMk1EQTBNVEV3V2pBdk1TMHdLd1lEVlFRREV5UXhPVFkyClpqUmtZUzB6Wm1aakxUUXhZalV0T1daaU9DMDVPR1k0WldReE4yVmhNbVV3Z2dFaU1BMEdDU3FHU0liM0RRRUIKQVFVQUE0SUJEd0F3Z2dFS0FvSUJBUURLTkhuM1dPUlpJb0piSVNQYU56c3hYL1JkL3VDL0tlcm1qb2ROdEpQMQovMHZHckh4ZTRIN2FzMkh5R1Azc0JOb3BiOC95a2RDaWZ2SU5WZFR6UkJDVDE2WUJtcmtSRXlkS2NrUkdQc1d6CmRsVGlnZHNLMEp3aWVUaFN4bVVvb0ZtWlM2VnE1TGNqNnNySng4WEtsSFF5ZUZkdFFKUWcwNnFWcjB2MFFlVFoKVDZqbmZINDNjNjVPTHF2UUtOSFppYWtuNUxhWnN0aFNWWlV0NjBZYzZpQmJOTnpTMUY1UXkyYXhSdlBqR1l0UQpKYmU0V2doYVdFcXY5Rmc0L04yaE1KVk1IRzBoclhGNm5QSHI3MWIxVVVVQk9BdjN2VGpxUXpudkcrRGZkU294CnZOTDNpb3ZWdHgvc2kzWnJnQzNJNWkwdGxFZlJxdGRwYXZTVlFUMGxxVHZiQWdNQkFBR2pJekFoTUE0R0ExVWQKRHdFQi93UUVBd0lDQkRBUEJnTlZIUk1CQWY4RUJUQURBUUgvTUEwR0NTcUdTSWIzRFFFQkN3VUFBNElCQVFBTQpxVGdzTE1yRWEvNlJsWmJmY0xjMW1panJ5Y2JHQ2JPRVlhaEtPRjhRZ1c2STBMVmZmZ214RlVrRXY2VVFkcmdUCmpUZ1JCdXNrSUxVbnZLeE9mZTA2ZEx0YjBaZlZ6VjBvMzh0UTFXU0R3WWZOK3d6Ry9jamtzdkFmem1Qd2JJdDQKZUxydEJMZGg2M20vYkkyVmpqbmNHSEpTLzE5RzlweG83Rm1FelZiUUN2ejdVdmxtMzlrbWZvVVd0RUE5QzdaTworYlVaSkU0bzZLTEhhSktrYUtyR2U1VGZEMU9nWFZyem1wYnUzbnBqSjNKcEpxdmRrcVRwVEk4SlBaYm1yRlhVClNEeW10dVRHMEM5Qyt4UkhSM1hkcjVRQ0RneWpHTE5tYUpSc2s0b2NxbWxNSnBtcHlRamZNV2Z5akNKT2szdkEKZTRVR2ZqcHVGbnNucjVFelFBdm0KLS0tLS1FTkQgQ0VSVElGSUNBVEUtLS0tLQo=",
                            "master_auth.0.password": "NZxdiW3Rt8ND8m\u0026B",
                            "master_auth.0.username": "admin",
                            "master_ipv4_cidr_block": "",
                            "master_version": "1.8.8-gke.0",
                            "monitoring_service": "monitoring.googleapis.com",
                            "name": "workshop-cluster",
                            "network": "default",
                            "network_policy.#": "0",
                            "node_config.#": "1",
                            "node_config.0.disk_size_gb": "100",
                            "node_config.0.guest_accelerator.#": "0",
                            "node_config.0.image_type": "COS",
                            "node_config.0.labels.%": "0",
                            "node_config.0.local_ssd_count": "0",
                            "node_config.0.machine_type": "n1-standard-2",
                            "node_config.0.metadata.%": "0",
                            "node_config.0.min_cpu_platform": "",
                            "node_config.0.oauth_scopes.#": "4",
                            "node_config.0.oauth_scopes.1277378754": "https://www.googleapis.com/auth/monitoring",
                            "node_config.0.oauth_scopes.1328717722": "https://www.googleapis.com/auth/devstorage.read_write",
                            "node_config.0.oauth_scopes.172152165": "https://www.googleapis.com/auth/logging.write",
                            "node_config.0.oauth_scopes.299962681": "https://www.googleapis.com/auth/compute",
                            "node_config.0.preemptible": "false",
                            "node_config.0.service_account": "default",
                            "node_config.0.tags.#": "0",
                            "node_config.0.taint.#": "0",
                            "node_config.0.workload_metadata_config.#": "0",
                            "node_pool.#": "1",
                            "node_pool.0.autoscaling.#": "0",
                            "node_pool.0.initial_node_count": "1",
                            "node_pool.0.instance_group_urls.#": "2",
                            "node_pool.0.instance_group_urls.0": "https://www.googleapis.com/compute/v1/projects/k8s-worshop/zones/europe-west1-c/instanceGroupManagers/gke-workshop-cluster-default-pool-9c5f9e36-grp",
                            "node_pool.0.instance_group_urls.1": "https://www.googleapis.com/compute/v1/projects/k8s-worshop/zones/europe-west1-d/instanceGroupManagers/gke-workshop-cluster-default-pool-90063445-grp",
                            "node_pool.0.management.#": "1",
                            "node_pool.0.management.0.auto_repair": "false",
                            "node_pool.0.management.0.auto_upgrade": "false",
                            "node_pool.0.name": "default-pool",
                            "node_pool.0.name_prefix": "",
                            "node_pool.0.node_config.#": "1",
                            "node_pool.0.node_config.0.disk_size_gb": "100",
                            "node_pool.0.node_config.0.guest_accelerator.#": "0",
                            "node_pool.0.node_config.0.image_type": "COS",
                            "node_pool.0.node_config.0.labels.%": "0",
                            "node_pool.0.node_config.0.local_ssd_count": "0",
                            "node_pool.0.node_config.0.machine_type": "n1-standard-2",
                            "node_pool.0.node_config.0.metadata.%": "0",
                            "node_pool.0.node_config.0.min_cpu_platform": "",
                            "node_pool.0.node_config.0.oauth_scopes.#": "4",
                            "node_pool.0.node_config.0.oauth_scopes.1277378754": "https://www.googleapis.com/auth/monitoring",
                            "node_pool.0.node_config.0.oauth_scopes.1328717722": "https://www.googleapis.com/auth/devstorage.read_write",
                            "node_pool.0.node_config.0.oauth_scopes.172152165": "https://www.googleapis.com/auth/logging.write",
                            "node_pool.0.node_config.0.oauth_scopes.299962681": "https://www.googleapis.com/auth/compute",
                            "node_pool.0.node_config.0.preemptible": "false",
                            "node_pool.0.node_config.0.service_account": "default",
                            "node_pool.0.node_config.0.tags.#": "0",
                            "node_pool.0.node_config.0.taint.#": "0",
                            "node_pool.0.node_config.0.workload_metadata_config.#": "0",
                            "node_pool.0.node_count": "1",
                            "node_pool.0.version": "1.8.8-gke.0",
                            "node_version": "1.8.8-gke.0",
                            "private_cluster": "false",
                            "project": "k8s-worshop",
                            "subnetwork": "default",
                            "zone": "europe-west1-c"
                        },
                        "meta": {
                            "e2bfb730-ecaa-11e6-8f88-34363bc7c4c0": {
                                "create": 1800000000000,
                                "delete": 600000000000,
                                "update": 600000000000
                            },
                            "schema_version": "1"
                        },
                        "tainted": false
                    },
                    "deposed": [],
                    "provider": "provider.google"
                }
            },
            "depends_on": []
        }
    ]
}
